
Microsoft Visual Studio Solution File, Format Version 12.00
# Visual Studio Version 16
VisualStudioVersion = 16.0.31410.357
MinimumVisualStudioVersion = 10.0.40219.1
Project("{FAE04EC0-301F-11D3-BF4B-00C04F79EFBC}") = "FactoryDesign", "FactoryDesign.csproj", "{4F140448-E044-4601-AABC-C49A9E72B432}"
EndProject
Global
	GlobalSection(SolutionConfigurationPlatforms) = preSolution
		Debug|Any CPU = Debug|Any CPU
		Release|Any CPU = Release|Any CPU
	EndGlobalSection
	GlobalSection(ProjectConfigurationPlatforms) = postSolution
		{4F140448-E044-4601-AABC-C49A9E72B432}.Debug|Any CPU.ActiveCfg = Debug|Any CPU
		{4F140448-E044-4601-AABC-C49A9E72B432}.Debug|Any CPU.Build.0 = Debug|Any CPU
		{4F140448-E044-4601-AABC-C49A9E72B432}.Release|Any CPU.ActiveCfg = Release|Any CPU
		{4F140448-E044-4601-AABC-C49A9E72B432}.Release|Any CPU.Build.0 = Release|Any CPU
	EndGlobalSection
	GlobalSection(SolutionProperties) = preSolution
		HideSolutionNode = FALSE
	EndGlobalSection
	GlobalSection(ExtensibilityGlobals) = postSolution
		SolutionGuid = {E17689F2-AAE8-41A3-A4A1-916D56A389F7}
	EndGlobalSection
EndGlobal
